
Microsoft Visual Studio Solution File, Format Version 12.00
Project("{FAE04EC0-301F-11D3-BF4B-00C04F79EFBC}") = "Deepslate.Ecs", "src\Deepslate.Ecs\Deepslate.Ecs.csproj", "{FE654ADB-DDD1-4CAA-8C33-8DD1497A862B}"
EndProject
Project("{FAE04EC0-301F-11D3-BF4B-00C04F79EFBC}") = "Deepslate.Ecs.Test", "src\Deepslate.Ecs.Test\Deepslate.Ecs.Test.csproj", "{C09B7F08-3F2B-4F1B-82CD-8C194405538C}"
EndProject
Project("{FAE04EC0-301F-11D3-BF4B-00C04F79EFBC}") = "Deepslate.Ecs.SourceGenerators", "src\Deepslate.Ecs.SourceGenerators\Deepslate.Ecs.SourceGenerators.csproj", "{249FDF2A-4686-4C5B-A1EF-98B10942326B}"
EndProject
Project("{FAE04EC0-301F-11D3-BF4B-00C04F79EFBC}") = "Deepslate.Ecs.Benchmark", "src\Deepslate.Ecs.Benchmark\Deepslate.Ecs.Benchmark.csproj", "{52FD5FEC-3DC1-4572-B454-5933268B3D72}"
EndProject
Global
	GlobalSection(SolutionConfigurationPlatforms) = preSolution
		Debug|Any CPU = Debug|Any CPU
		Release|Any CPU = Release|Any CPU
	EndGlobalSection
	GlobalSection(ProjectConfigurationPlatforms) = postSolution
		{FE654ADB-DDD1-4CAA-8C33-8DD1497A862B}.Debug|Any CPU.ActiveCfg = Debug|Any CPU
		{FE654ADB-DDD1-4CAA-8C33-8DD1497A862B}.Debug|Any CPU.Build.0 = Debug|Any CPU
		{FE654ADB-DDD1-4CAA-8C33-8DD1497A862B}.Release|Any CPU.ActiveCfg = Release|Any CPU
		{FE654ADB-DDD1-4CAA-8C33-8DD1497A862B}.Release|Any CPU.Build.0 = Release|Any CPU
		{C09B7F08-3F2B-4F1B-82CD-8C194405538C}.Debug|Any CPU.ActiveCfg = Debug|Any CPU
		{C09B7F08-3F2B-4F1B-82CD-8C194405538C}.Debug|Any CPU.Build.0 = Debug|Any CPU
		{C09B7F08-3F2B-4F1B-82CD-8C194405538C}.Release|Any CPU.ActiveCfg = Release|Any CPU
		{C09B7F08-3F2B-4F1B-82CD-8C194405538C}.Release|Any CPU.Build.0 = Release|Any CPU
		{249FDF2A-4686-4C5B-A1EF-98B10942326B}.Debug|Any CPU.ActiveCfg = Debug|Any CPU
		{249FDF2A-4686-4C5B-A1EF-98B10942326B}.Debug|Any CPU.Build.0 = Debug|Any CPU
		{249FDF2A-4686-4C5B-A1EF-98B10942326B}.Release|Any CPU.ActiveCfg = Release|Any CPU
		{249FDF2A-4686-4C5B-A1EF-98B10942326B}.Release|Any CPU.Build.0 = Release|Any CPU
		{52FD5FEC-3DC1-4572-B454-5933268B3D72}.Debug|Any CPU.ActiveCfg = Debug|Any CPU
		{52FD5FEC-3DC1-4572-B454-5933268B3D72}.Debug|Any CPU.Build.0 = Debug|Any CPU
		{52FD5FEC-3DC1-4572-B454-5933268B3D72}.Release|Any CPU.ActiveCfg = Release|Any CPU
		{52FD5FEC-3DC1-4572-B454-5933268B3D72}.Release|Any CPU.Build.0 = Release|Any CPU
	EndGlobalSection
EndGlobal
